
Microsoft Visual Studio Solution File, Format Version 12.00
# Visual Studio Version 16
VisualStudioVersion = 16.0.31402.337
MinimumVisualStudioVersion = 10.0.40219.1
Project("{FAE04EC0-301F-11D3-BF4B-00C04F79EFBC}") = "ELibrary.Web", "ELibrary.Web\ELibrary.Web.csproj", "{9B7E9399-6BB3-4789-8CCE-D62681590F9B}"
EndProject
Project("{FAE04EC0-301F-11D3-BF4B-00C04F79EFBC}") = "ELibrary.Domain", "ELibrary.Domain\ELibrary.Domain.csproj", "{2C4F62CE-58D8-499A-98FE-A4F63653ECAB}"
EndProject
Project("{FAE04EC0-301F-11D3-BF4B-00C04F79EFBC}") = "ELibrary.Repository", "ELibrary.Repository\ELibrary.Repository.csproj", "{13BF3B52-6FF8-4B16-8263-1CFFC44FF394}"
EndProject
Project("{FAE04EC0-301F-11D3-BF4B-00C04F79EFBC}") = "ELibrary.Service", "ELibrary.Service\ELibrary.Service.csproj", "{B70615AD-CDAF-4F7C-BBE8-2760BDB28E6F}"
EndProject
Global
	GlobalSection(SolutionConfigurationPlatforms) = preSolution
		Debug|Any CPU = Debug|Any CPU
		Release|Any CPU = Release|Any CPU
	EndGlobalSection
	GlobalSection(ProjectConfigurationPlatforms) = postSolution
		{9B7E9399-6BB3-4789-8CCE-D62681590F9B}.Debug|Any CPU.ActiveCfg = Debug|Any CPU
		{9B7E9399-6BB3-4789-8CCE-D62681590F9B}.Debug|Any CPU.Build.0 = Debug|Any CPU
		{9B7E9399-6BB3-4789-8CCE-D62681590F9B}.Release|Any CPU.ActiveCfg = Release|Any CPU
		{9B7E9399-6BB3-4789-8CCE-D62681590F9B}.Release|Any CPU.Build.0 = Release|Any CPU
		{2C4F62CE-58D8-499A-98FE-A4F63653ECAB}.Debug|Any CPU.ActiveCfg = Debug|Any CPU
		{2C4F62CE-58D8-499A-98FE-A4F63653ECAB}.Debug|Any CPU.Build.0 = Debug|Any CPU
		{2C4F62CE-58D8-499A-98FE-A4F63653ECAB}.Release|Any CPU.ActiveCfg = Release|Any CPU
		{2C4F62CE-58D8-499A-98FE-A4F63653ECAB}.Release|Any CPU.Build.0 = Release|Any CPU
		{13BF3B52-6FF8-4B16-8263-1CFFC44FF394}.Debug|Any CPU.ActiveCfg = Debug|Any CPU
		{13BF3B52-6FF8-4B16-8263-1CFFC44FF394}.Debug|Any CPU.Build.0 = Debug|Any CPU
		{13BF3B52-6FF8-4B16-8263-1CFFC44FF394}.Release|Any CPU.ActiveCfg = Release|Any CPU
		{13BF3B52-6FF8-4B16-8263-1CFFC44FF394}.Release|Any CPU.Build.0 = Release|Any CPU
		{B70615AD-CDAF-4F7C-BBE8-2760BDB28E6F}.Debug|Any CPU.ActiveCfg = Debug|Any CPU
		{B70615AD-CDAF-4F7C-BBE8-2760BDB28E6F}.Debug|Any CPU.Build.0 = Debug|Any CPU
		{B70615AD-CDAF-4F7C-BBE8-2760BDB28E6F}.Release|Any CPU.ActiveCfg = Release|Any CPU
		{B70615AD-CDAF-4F7C-BBE8-2760BDB28E6F}.Release|Any CPU.Build.0 = Release|Any CPU
	EndGlobalSection
	GlobalSection(SolutionProperties) = preSolution
		HideSolutionNode = FALSE
	EndGlobalSection
	GlobalSection(ExtensibilityGlobals) = postSolution
		SolutionGuid = {004C79C2-9430-4653-AD4A-AC5E5C07319A}
	EndGlobalSection
EndGlobal
